
Microsoft Visual Studio Solution File, Format Version 12.00
# Visual Studio Version 17
VisualStudioVersion = 17.0.31903.59
MinimumVisualStudioVersion = 10.0.40219.1
Project("{2150E333-8FDC-42A3-9474-1A3956D46DE8}") = "domain-core", "domain-core", "{F555D259-3B8D-050D-3814-0D45D7D686D1}"
EndProject
Project("{FAE04EC0-301F-11D3-BF4B-00C04F79EFBC}") = "Svac.DomainCore.Contracts", "domain-core\Svac.DomainCore.Contracts\Svac.DomainCore.Contracts.csproj", "{85A0AA78-1EB1-476F-AF85-B8926023C49B}"
EndProject
Project("{FAE04EC0-301F-11D3-BF4B-00C04F79EFBC}") = "Svac.DomainCore.Deterministic", "domain-core\Svac.DomainCore.Deterministic\Svac.DomainCore.Deterministic.csproj", "{67600B7C-0601-4A0A-97E1-931DBF0E1883}"
EndProject
Project("{FAE04EC0-301F-11D3-BF4B-00C04F79EFBC}") = "Svac.DomainCore.Hosting", "domain-core\Svac.DomainCore.Hosting\Svac.DomainCore.Hosting.csproj", "{6EF48229-0E43-4873-A348-BDE485C2DFFA}"
EndProject
Project("{FAE04EC0-301F-11D3-BF4B-00C04F79EFBC}") = "Svac.DomainCore", "domain-core\Svac.DomainCore\Svac.DomainCore.csproj", "{6E08DABD-A522-4ABC-BE81-5830B5284110}"
EndProject
Project("{2150E333-8FDC-42A3-9474-1A3956D46DE8}") = "public-host", "public-host", "{1B1AFC10-89EE-182A-5C67-E02C3472223D}"
EndProject
Project("{FAE04EC0-301F-11D3-BF4B-00C04F79EFBC}") = "Svac.PublicApi", "public-host\Svac.PublicApi\Svac.PublicApi.csproj", "{5C36A1E6-2544-41F5-931C-EE655C7DA799}"
EndProject
Project("{2150E333-8FDC-42A3-9474-1A3956D46DE8}") = "tests", "tests", "{0AB3BF05-4346-4AA6-1389-037BE0695223}"
EndProject
Project("{FAE04EC0-301F-11D3-BF4B-00C04F79EFBC}") = "Svac.Tests.Architecture", "tests\Svac.Tests.Architecture\Svac.Tests.Architecture.csproj", "{3599ED0E-199F-4F46-A04C-FD4459581500}"
EndProject
Project("{FAE04EC0-301F-11D3-BF4B-00C04F79EFBC}") = "Svac.Tests.DomainCore", "tests\Svac.Tests.DomainCore\Svac.Tests.DomainCore.csproj", "{2C7AEDA0-F8D0-4364-9AB2-16A569AB9CBA}"
EndProject
Project("{2150E333-8FDC-42A3-9474-1A3956D46DE8}") = "modules", "modules", "{CA253913-39DE-BFD0-C9A3-4B7EC6FBDF17}"
EndProject
Project("{2150E333-8FDC-42A3-9474-1A3956D46DE8}") = "AimlRouter", "AimlRouter", "{F4AD2C05-8BCF-CB1B-D6BE-F85FC21BD250}"
EndProject
Project("{FAE04EC0-301F-11D3-BF4B-00C04F79EFBC}") = "Svac.AimlRouter.Contracts", "modules\AimlRouter\Svac.AimlRouter.Contracts\Svac.AimlRouter.Contracts.csproj", "{3CFEB533-5ED3-40FB-B5DA-601948A44675}"
EndProject
Project("{FAE04EC0-301F-11D3-BF4B-00C04F79EFBC}") = "Svac.AimlRouter", "modules\AimlRouter\Svac.AimlRouter\Svac.AimlRouter.csproj", "{BE130BC3-8C4C-4FC9-B23C-2D783C9BDAC6}"
EndProject
Project("{FAE04EC0-301F-11D3-BF4B-00C04F79EFBC}") = "Svac.Tests.AimlRouter", "tests\Svac.Tests.AimlRouter\Svac.Tests.AimlRouter.csproj", "{D63E7180-C5FD-4CAF-8107-3E288732C7E1}"
EndProject
Global
	GlobalSection(SolutionConfigurationPlatforms) = preSolution
		Debug|Any CPU = Debug|Any CPU
		Debug|x64 = Debug|x64
		Debug|x86 = Debug|x86
		Release|Any CPU = Release|Any CPU
		Release|x64 = Release|x64
		Release|x86 = Release|x86
	EndGlobalSection
	GlobalSection(ProjectConfigurationPlatforms) = postSolution
		{85A0AA78-1EB1-476F-AF85-B8926023C49B}.Debug|Any CPU.ActiveCfg = Debug|Any CPU
		{85A0AA78-1EB1-476F-AF85-B8926023C49B}.Debug|Any CPU.Build.0 = Debug|Any CPU
		{85A0AA78-1EB1-476F-AF85-B8926023C49B}.Debug|x64.ActiveCfg = Debug|Any CPU
		{85A0AA78-1EB1-476F-AF85-B8926023C49B}.Debug|x64.Build.0 = Debug|Any CPU
		{85A0AA78-1EB1-476F-AF85-B8926023C49B}.Debug|x86.ActiveCfg = Debug|Any CPU
		{85A0AA78-1EB1-476F-AF85-B8926023C49B}.Debug|x86.Build.0 = Debug|Any CPU
		{85A0AA78-1EB1-476F-AF85-B8926023C49B}.Release|Any CPU.ActiveCfg = Release|Any CPU
		{85A0AA78-1EB1-476F-AF85-B8926023C49B}.Release|Any CPU.Build.0 = Release|Any CPU
		{85A0AA78-1EB1-476F-AF85-B8926023C49B}.Release|x64.ActiveCfg = Release|Any CPU
		{85A0AA78-1EB1-476F-AF85-B8926023C49B}.Release|x64.Build.0 = Release|Any CPU
		{85A0AA78-1EB1-476F-AF85-B8926023C49B}.Release|x86.ActiveCfg = Release|Any CPU
		{85A0AA78-1EB1-476F-AF85-B8926023C49B}.Release|x86.Build.0 = Release|Any CPU
		{67600B7C-0601-4A0A-97E1-931DBF0E1883}.Debug|Any CPU.ActiveCfg = Debug|Any CPU
		{67600B7C-0601-4A0A-97E1-931DBF0E1883}.Debug|Any CPU.Build.0 = Debug|Any CPU
		{67600B7C-0601-4A0A-97E1-931DBF0E1883}.Debug|x64.ActiveCfg = Debug|Any CPU
		{67600B7C-0601-4A0A-97E1-931DBF0E1883}.Debug|x64.Build.0 = Debug|Any CPU
		{67600B7C-0601-4A0A-97E1-931DBF0E1883}.Debug|x86.ActiveCfg = Debug|Any CPU
		{67600B7C-0601-4A0A-97E1-931DBF0E1883}.Debug|x86.Build.0 = Debug|Any CPU
		{67600B7C-0601-4A0A-97E1-931DBF0E1883}.Release|Any CPU.ActiveCfg = Release|Any CPU
		{67600B7C-0601-4A0A-97E1-931DBF0E1883}.Release|Any CPU.Build.0 = Release|Any CPU
		{67600B7C-0601-4A0A-97E1-931DBF0E1883}.Release|x64.ActiveCfg = Release|Any CPU
		{67600B7C-0601-4A0A-97E1-931DBF0E1883}.Release|x64.Build.0 = Release|Any CPU
		{67600B7C-0601-4A0A-97E1-931DBF0E1883}.Release|x86.ActiveCfg = Release|Any CPU
		{67600B7C-0601-4A0A-97E1-931DBF0E1883}.Release|x86.Build.0 = Release|Any CPU
		{6EF48229-0E43-4873-A348-BDE485C2DFFA}.Debug|Any CPU.ActiveCfg = Debug|Any CPU
		{6EF48229-0E43-4873-A348-BDE485C2DFFA}.Debug|Any CPU.Build.0 = Debug|Any CPU
		{6EF48229-0E43-4873-A348-BDE485C2DFFA}.Debug|x64.ActiveCfg = Debug|Any CPU
		{6EF48229-0E43-4873-A348-BDE485C2DFFA}.Debug|x64.Build.0 = Debug|Any CPU
		{6EF48229-0E43-4873-A348-BDE485C2DFFA}.Debug|x86.ActiveCfg = Debug|Any CPU
		{6EF48229-0E43-4873-A348-BDE485C2DFFA}.Debug|x86.Build.0 = Debug|Any CPU
		{6EF48229-0E43-4873-A348-BDE485C2DFFA}.Release|Any CPU.ActiveCfg = Release|Any CPU
		{6EF48229-0E43-4873-A348-BDE485C2DFFA}.Release|Any CPU.Build.0 = Release|Any CPU
		{6EF48229-0E43-4873-A348-BDE485C2DFFA}.Release|x64.ActiveCfg = Release|Any CPU
		{6EF48229-0E43-4873-A348-BDE485C2DFFA}.Release|x64.Build.0 = Release|Any CPU
		{6EF48229-0E43-4873-A348-BDE485C2DFFA}.Release|x86.ActiveCfg = Release|Any CPU
		{6EF48229-0E43-4873-A348-BDE485C2DFFA}.Release|x86.Build.0 = Release|Any CPU
		{6E08DABD-A522-4ABC-BE81-5830B5284110}.Debug|Any CPU.ActiveCfg = Debug|Any CPU
		{6E08DABD-A522-4ABC-BE81-5830B5284110}.Debug|Any CPU.Build.0 = Debug|Any CPU
		{6E08DABD-A522-4ABC-BE81-5830B5284110}.Debug|x64.ActiveCfg = Debug|Any CPU
		{6E08DABD-A522-4ABC-BE81-5830B5284110}.Debug|x64.Build.0 = Debug|Any CPU
		{6E08DABD-A522-4ABC-BE81-5830B5284110}.Debug|x86.ActiveCfg = Debug|Any CPU
		{6E08DABD-A522-4ABC-BE81-5830B5284110}.Debug|x86.Build.0 = Debug|Any CPU
		{6E08DABD-A522-4ABC-BE81-5830B5284110}.Release|Any CPU.ActiveCfg = Release|Any CPU
		{6E08DABD-A522-4ABC-BE81-5830B5284110}.Release|Any CPU.Build.0 = Release|Any CPU
		{6E08DABD-A522-4ABC-BE81-5830B5284110}.Release|x64.ActiveCfg = Release|Any CPU
		{6E08DABD-A522-4ABC-BE81-5830B5284110}.Release|x64.Build.0 = Release|Any CPU
		{6E08DABD-A522-4ABC-BE81-5830B5284110}.Release|x86.ActiveCfg = Release|Any CPU
		{6E08DABD-A522-4ABC-BE81-5830B5284110}.Release|x86.Build.0 = Release|Any CPU
		{5C36A1E6-2544-41F5-931C-EE655C7DA799}.Debug|Any CPU.ActiveCfg = Debug|Any CPU
		{5C36A1E6-2544-41F5-931C-EE655C7DA799}.Debug|Any CPU.Build.0 = Debug|Any CPU
		{5C36A1E6-2544-41F5-931C-EE655C7DA799}.Debug|x64.ActiveCfg = Debug|Any CPU
		{5C36A1E6-2544-41F5-931C-EE655C7DA799}.Debug|x64.Build.0 = Debug|Any CPU
		{5C36A1E6-2544-41F5-931C-EE655C7DA799}.Debug|x86.ActiveCfg = Debug|Any CPU
		{5C36A1E6-2544-41F5-931C-EE655C7DA799}.Debug|x86.Build.0 = Debug|Any CPU
		{5C36A1E6-2544-41F5-931C-EE655C7DA799}.Release|Any CPU.ActiveCfg = Release|Any CPU
		{5C36A1E6-2544-41F5-931C-EE655C7DA799}.Release|Any CPU.Build.0 = Release|Any CPU
		{5C36A1E6-2544-41F5-931C-EE655C7DA799}.Release|x64.ActiveCfg = Release|Any CPU
		{5C36A1E6-2544-41F5-931C-EE655C7DA799}.Release|x64.Build.0 = Release|Any CPU
		{5C36A1E6-2544-41F5-931C-EE655C7DA799}.Release|x86.ActiveCfg = Release|Any CPU
		{5C36A1E6-2544-41F5-931C-EE655C7DA799}.Release|x86.Build.0 = Release|Any CPU
		{3599ED0E-199F-4F46-A04C-FD4459581500}.Debug|Any CPU.ActiveCfg = Debug|Any CPU
		{3599ED0E-199F-4F46-A04C-FD4459581500}.Debug|Any CPU.Build.0 = Debug|Any CPU
		{3599ED0E-199F-4F46-A04C-FD4459581500}.Debug|x64.ActiveCfg = Debug|Any CPU
		{3599ED0E-199F-4F46-A04C-FD4459581500}.Debug|x64.Build.0 = Debug|Any CPU
		{3599ED0E-199F-4F46-A04C-FD4459581500}.Debug|x86.ActiveCfg = Debug|Any CPU
		{3599ED0E-199F-4F46-A04C-FD4459581500}.Debug|x86.Build.0 = Debug|Any CPU
		{3599ED0E-199F-4F46-A04C-FD4459581500}.Release|Any CPU.ActiveCfg = Release|Any CPU
		{3599ED0E-199F-4F46-A04C-FD4459581500}.Release|Any CPU.Build.0 = Release|Any CPU
		{3599ED0E-199F-4F46-A04C-FD4459581500}.Release|x64.ActiveCfg = Release|Any CPU
		{3599ED0E-199F-4F46-A04C-FD4459581500}.Release|x64.Build.0 = Release|Any CPU
		{3599ED0E-199F-4F46-A04C-FD4459581500}.Release|x86.ActiveCfg = Release|Any CPU
		{3599ED0E-199F-4F46-A04C-FD4459581500}.Release|x86.Build.0 = Release|Any CPU
		{2C7AEDA0-F8D0-4364-9AB2-16A569AB9CBA}.Debug|Any CPU.ActiveCfg = Debug|Any CPU
		{2C7AEDA0-F8D0-4364-9AB2-16A569AB9CBA}.Debug|Any CPU.Build.0 = Debug|Any CPU
		{2C7AEDA0-F8D0-4364-9AB2-16A569AB9CBA}.Debug|x64.ActiveCfg = Debug|Any CPU
		{2C7AEDA0-F8D0-4364-9AB2-16A569AB9CBA}.Debug|x64.Build.0 = Debug|Any CPU
		{2C7AEDA0-F8D0-4364-9AB2-16A569AB9CBA}.Debug|x86.ActiveCfg = Debug|Any CPU
		{2C7AEDA0-F8D0-4364-9AB2-16A569AB9CBA}.Debug|x86.Build.0 = Debug|Any CPU
		{2C7AEDA0-F8D0-4364-9AB2-16A569AB9CBA}.Release|Any CPU.ActiveCfg = Release|Any CPU
		{2C7AEDA0-F8D0-4364-9AB2-16A569AB9CBA}.Release|Any CPU.Build.0 = Release|Any CPU
		{2C7AEDA0-F8D0-4364-9AB2-16A569AB9CBA}.Release|x64.ActiveCfg = Release|Any CPU
		{2C7AEDA0-F8D0-4364-9AB2-16A569AB9CBA}.Release|x64.Build.0 = Release|Any CPU
		{2C7AEDA0-F8D0-4364-9AB2-16A569AB9CBA}.Release|x86.ActiveCfg = Release|Any CPU
		{2C7AEDA0-F8D0-4364-9AB2-16A569AB9CBA}.Release|x86.Build.0 = Release|Any CPU
		{3CFEB533-5ED3-40FB-B5DA-601948A44675}.Debug|Any CPU.ActiveCfg = Debug|Any CPU
		{3CFEB533-5ED3-40FB-B5DA-601948A44675}.Debug|Any CPU.Build.0 = Debug|Any CPU
		{3CFEB533-5ED3-40FB-B5DA-601948A44675}.Debug|x64.ActiveCfg = Debug|Any CPU
		{3CFEB533-5ED3-40FB-B5DA-601948A44675}.Debug|x64.Build.0 = Debug|Any CPU
		{3CFEB533-5ED3-40FB-B5DA-601948A44675}.Debug|x86.ActiveCfg = Debug|Any CPU
		{3CFEB533-5ED3-40FB-B5DA-601948A44675}.Debug|x86.Build.0 = Debug|Any CPU
		{3CFEB533-5ED3-40FB-B5DA-601948A44675}.Release|Any CPU.ActiveCfg = Release|Any CPU
		{3CFEB533-5ED3-40FB-B5DA-601948A44675}.Release|Any CPU.Build.0 = Release|Any CPU
		{3CFEB533-5ED3-40FB-B5DA-601948A44675}.Release|x64.ActiveCfg = Release|Any CPU
		{3CFEB533-5ED3-40FB-B5DA-601948A44675}.Release|x64.Build.0 = Release|Any CPU
		{3CFEB533-5ED3-40FB-B5DA-601948A44675}.Release|x86.ActiveCfg = Release|Any CPU
		{3CFEB533-5ED3-40FB-B5DA-601948A44675}.Release|x86.Build.0 = Release|Any CPU
		{BE130BC3-8C4C-4FC9-B23C-2D783C9BDAC6}.Debug|Any CPU.ActiveCfg = Debug|Any CPU
		{BE130BC3-8C4C-4FC9-B23C-2D783C9BDAC6}.Debug|Any CPU.Build.0 = Debug|Any CPU
		{BE130BC3-8C4C-4FC9-B23C-2D783C9BDAC6}.Debug|x64.ActiveCfg = Debug|Any CPU
		{BE130BC3-8C4C-4FC9-B23C-2D783C9BDAC6}.Debug|x64.Build.0 = Debug|Any CPU
		{BE130BC3-8C4C-4FC9-B23C-2D783C9BDAC6}.Debug|x86.ActiveCfg = Debug|Any CPU
		{BE130BC3-8C4C-4FC9-B23C-2D783C9BDAC6}.Debug|x86.Build.0 = Debug|Any CPU
		{BE130BC3-8C4C-4FC9-B23C-2D783C9BDAC6}.Release|Any CPU.ActiveCfg = Release|Any CPU
		{BE130BC3-8C4C-4FC9-B23C-2D783C9BDAC6}.Release|Any CPU.Build.0 = Release|Any CPU
		{BE130BC3-8C4C-4FC9-B23C-2D783C9BDAC6}.Release|x64.ActiveCfg = Release|Any CPU
		{BE130BC3-8C4C-4FC9-B23C-2D783C9BDAC6}.Release|x64.Build.0 = Release|Any CPU
		{BE130BC3-8C4C-4FC9-B23C-2D783C9BDAC6}.Release|x86.ActiveCfg = Release|Any CPU
		{BE130BC3-8C4C-4FC9-B23C-2D783C9BDAC6}.Release|x86.Build.0 = Release|Any CPU
		{D63E7180-C5FD-4CAF-8107-3E288732C7E1}.Debug|Any CPU.ActiveCfg = Debug|Any CPU
		{D63E7180-C5FD-4CAF-8107-3E288732C7E1}.Debug|Any CPU.Build.0 = Debug|Any CPU
		{D63E7180-C5FD-4CAF-8107-3E288732C7E1}.Debug|x64.ActiveCfg = Debug|Any CPU
		{D63E7180-C5FD-4CAF-8107-3E288732C7E1}.Debug|x64.Build.0 = Debug|Any CPU
		{D63E7180-C5FD-4CAF-8107-3E288732C7E1}.Debug|x86.ActiveCfg = Debug|Any CPU
		{D63E7180-C5FD-4CAF-8107-3E288732C7E1}.Debug|x86.Build.0 = Debug|Any CPU
		{D63E7180-C5FD-4CAF-8107-3E288732C7E1}.Release|Any CPU.ActiveCfg = Release|Any CPU
		{D63E7180-C5FD-4CAF-8107-3E288732C7E1}.Release|Any CPU.Build.0 = Release|Any CPU
		{D63E7180-C5FD-4CAF-8107-3E288732C7E1}.Release|x64.ActiveCfg = Release|Any CPU
		{D63E7180-C5FD-4CAF-8107-3E288732C7E1}.Release|x64.Build.0 = Release|Any CPU
		{D63E7180-C5FD-4CAF-8107-3E288732C7E1}.Release|x86.ActiveCfg = Release|Any CPU
		{D63E7180-C5FD-4CAF-8107-3E288732C7E1}.Release|x86.Build.0 = Release|Any CPU
	EndGlobalSection
	GlobalSection(SolutionProperties) = preSolution
		HideSolutionNode = FALSE
	EndGlobalSection
	GlobalSection(NestedProjects) = preSolution
		{85A0AA78-1EB1-476F-AF85-B8926023C49B} = {F555D259-3B8D-050D-3814-0D45D7D686D1}
		{67600B7C-0601-4A0A-97E1-931DBF0E1883} = {F555D259-3B8D-050D-3814-0D45D7D686D1}
		{6EF48229-0E43-4873-A348-BDE485C2DFFA} = {F555D259-3B8D-050D-3814-0D45D7D686D1}
		{6E08DABD-A522-4ABC-BE81-5830B5284110} = {F555D259-3B8D-050D-3814-0D45D7D686D1}
		{5C36A1E6-2544-41F5-931C-EE655C7DA799} = {1B1AFC10-89EE-182A-5C67-E02C3472223D}
		{3599ED0E-199F-4F46-A04C-FD4459581500} = {0AB3BF05-4346-4AA6-1389-037BE0695223}
		{2C7AEDA0-F8D0-4364-9AB2-16A569AB9CBA} = {0AB3BF05-4346-4AA6-1389-037BE0695223}
		{F4AD2C05-8BCF-CB1B-D6BE-F85FC21BD250} = {CA253913-39DE-BFD0-C9A3-4B7EC6FBDF17}
		{3CFEB533-5ED3-40FB-B5DA-601948A44675} = {F4AD2C05-8BCF-CB1B-D6BE-F85FC21BD250}
		{BE130BC3-8C4C-4FC9-B23C-2D783C9BDAC6} = {F4AD2C05-8BCF-CB1B-D6BE-F85FC21BD250}
		{D63E7180-C5FD-4CAF-8107-3E288732C7E1} = {0AB3BF05-4346-4AA6-1389-037BE0695223}
	EndGlobalSection
EndGlobal
